// !$*UTF8*$!
{
 archiveVersion = 1;
 classes = {};
 objectVersion = 56;
 objects = {
  A00000000000000000000001 = {isa = PBXBuildFile; fileRef = A00000000000000000000002; };
  A00000000000000000000002 = {isa = PBXFileReference; lastKnownFileType = sourcecode.swift; path = CoffeeDialApp.swift; sourceTree = "<group>"; };
  A00000000000000000000003 = {isa = PBXFileReference; explicitFileType = wrapper.application; includeInIndex = 0; path = CoffeeDial.app; sourceTree = BUILT_PRODUCTS_DIR; };
  A00000000000000000000004 = {isa = PBXGroup; children = (A00000000000000000000002,A00000000000000000000005); sourceTree = "<group>"; };
  A00000000000000000000005 = {isa = PBXGroup; children = (A00000000000000000000003); name = Products; sourceTree = "<group>"; };
  A00000000000000000000006 = {isa = PBXProject; attributes = {BuildIndependentTargetsInParallel = YES; LastUpgradeCheck = 2700; }; buildConfigurationList = A00000000000000000000010; compatibilityVersion = "Xcode 14.0"; developmentRegion = en; hasScannedForEncodings = 0; knownRegions = (en,Base); mainGroup = A00000000000000000000004; productRefGroup = A00000000000000000000005; projectDirPath = ""; projectRoot = ""; targets = (A00000000000000000000007); };
  A00000000000000000000007 = {isa = PBXNativeTarget; buildConfigurationList = A00000000000000000000011; buildPhases = (A00000000000000000000008,A00000000000000000000009,A0000000000000000000000A); buildRules = (); dependencies = (); name = CoffeeDial; productName = CoffeeDial; productReference = A00000000000000000000003; productType = "com.apple.product-type.application"; };
  A00000000000000000000008 = {isa = PBXShellScriptBuildPhase; alwaysOutOfDate = 1; buildActionMask = 2147483647; files = (); inputPaths = (); name = "Build shared Kotlin framework"; outputPaths = (); runOnlyForDeploymentPostprocessing = 0; shellPath = /bin/sh; shellScript = "set -e\ncd \"$SRCROOT/..\"\nif [ -z \"$JAVA_HOME\" ] && [ -d \"/Applications/Android Studio.app/Contents/jbr/Contents/Home\" ]; then\n  export JAVA_HOME=\"/Applications/Android Studio.app/Contents/jbr/Contents/Home\"\nfi\n./gradlew :shared:embedAndSignAppleFrameworkForXcode\n"; };
  A00000000000000000000009 = {isa = PBXSourcesBuildPhase; buildActionMask = 2147483647; files = (A00000000000000000000001); runOnlyForDeploymentPostprocessing = 0; };
  A0000000000000000000000A = {isa = PBXFrameworksBuildPhase; buildActionMask = 2147483647; files = (); runOnlyForDeploymentPostprocessing = 0; };
  A00000000000000000000010 = {isa = XCConfigurationList; buildConfigurations = (A00000000000000000000012,A00000000000000000000013); defaultConfigurationIsVisible = 0; defaultConfigurationName = Release; };
  A00000000000000000000011 = {isa = XCConfigurationList; buildConfigurations = (A00000000000000000000014,A00000000000000000000015); defaultConfigurationIsVisible = 0; defaultConfigurationName = Release; };
  A00000000000000000000012 = {isa = XCBuildConfiguration; name = Debug; buildSettings = {SDKROOT = iphoneos; ARCHS = arm64; IPHONEOS_DEPLOYMENT_TARGET = 16.0; CLANG_ENABLE_MODULES = YES; SWIFT_VERSION = 5.0; DEBUG_INFORMATION_FORMAT = dwarf; }; };
  A00000000000000000000013 = {isa = XCBuildConfiguration; name = Release; buildSettings = {SDKROOT = iphoneos; ARCHS = arm64; IPHONEOS_DEPLOYMENT_TARGET = 16.0; CLANG_ENABLE_MODULES = YES; SWIFT_VERSION = 5.0; DEBUG_INFORMATION_FORMAT = "dwarf-with-dsym"; }; };
  A00000000000000000000014 = {isa = XCBuildConfiguration; name = Debug; buildSettings = {PRODUCT_BUNDLE_IDENTIFIER = com.coffeedial.app; PRODUCT_NAME = CoffeeDial; GENERATE_INFOPLIST_FILE = YES; INFOPLIST_KEY_CADisableMinimumFrameDurationOnPhone = YES; INFOPLIST_KEY_CFBundleDisplayName = "Coffee Dial"; INFOPLIST_KEY_UILaunchScreen_Generation = YES; INFOPLIST_KEY_UIApplicationSceneManifest_Generation = YES; INFOPLIST_KEY_UISupportedInterfaceOrientations = "UIInterfaceOrientationPortrait UIInterfaceOrientationLandscapeLeft UIInterfaceOrientationLandscapeRight"; TARGETED_DEVICE_FAMILY = "1,2"; CODE_SIGN_STYLE = Automatic; ENABLE_USER_SCRIPT_SANDBOXING = NO; FRAMEWORK_SEARCH_PATHS = ("$(inherited)","$(SRCROOT)/../shared/build/xcode-frameworks/$(CONFIGURATION)/$(SDK_NAME)"); OTHER_LDFLAGS = ("$(inherited)","-framework","CoffeeDialShared","-lsqlite3"); SWIFT_OPTIMIZATION_LEVEL = "-Onone"; }; };
  A00000000000000000000015 = {isa = XCBuildConfiguration; name = Release; buildSettings = {PRODUCT_BUNDLE_IDENTIFIER = com.coffeedial.app; PRODUCT_NAME = CoffeeDial; GENERATE_INFOPLIST_FILE = YES; INFOPLIST_KEY_CADisableMinimumFrameDurationOnPhone = YES; INFOPLIST_KEY_CFBundleDisplayName = "Coffee Dial"; INFOPLIST_KEY_UILaunchScreen_Generation = YES; INFOPLIST_KEY_UIApplicationSceneManifest_Generation = YES; INFOPLIST_KEY_UISupportedInterfaceOrientations = "UIInterfaceOrientationPortrait UIInterfaceOrientationLandscapeLeft UIInterfaceOrientationLandscapeRight"; TARGETED_DEVICE_FAMILY = "1,2"; CODE_SIGN_STYLE = Automatic; ENABLE_USER_SCRIPT_SANDBOXING = NO; FRAMEWORK_SEARCH_PATHS = ("$(inherited)","$(SRCROOT)/../shared/build/xcode-frameworks/$(CONFIGURATION)/$(SDK_NAME)"); OTHER_LDFLAGS = ("$(inherited)","-framework","CoffeeDialShared","-lsqlite3"); SWIFT_OPTIMIZATION_LEVEL = "-O"; }; };
 };
 rootObject = A00000000000000000000006;
}
